
Microsoft Visual Studio Solution File, Format Version 12.00
# Visual Studio Version 16
VisualStudioVersion = 16.0.30413.136
MinimumVisualStudioVersion = 10.0.40219.1
Project("{FAE04EC0-301F-11D3-BF4B-00C04F79EFBC}") = "DataStructure", "DataStructure\DataStructure.csproj", "{DCD28BAA-6A1C-4F86-968C-6ACB5E6863A6}"
EndProject
Project("{FAE04EC0-301F-11D3-BF4B-00C04F79EFBC}") = "Collections", "Collections\Collections.csproj", "{0116E4C4-CDC7-40F8-8024-4BF4FD60946F}"
EndProject
Project("{FAE04EC0-301F-11D3-BF4B-00C04F79EFBC}") = "GUI", "GUI\GUI.csproj", "{442E223A-8BF8-4B2E-A4A9-537278D7F167}"
EndProject
Project("{FAE04EC0-301F-11D3-BF4B-00C04F79EFBC}") = "Sets", "Sets\Sets.csproj", "{8D000A9D-8890-429E-81FE-697C8FB23A3C}"
EndProject
Project("{FAE04EC0-301F-11D3-BF4B-00C04F79EFBC}") = "Lists", "Lists\Lists.csproj", "{D9698E36-E7C1-40C6-8BB3-5BC428C2A1BC}"
EndProject
Project("{FAE04EC0-301F-11D3-BF4B-00C04F79EFBC}") = "GUI_List", "GUI_List\GUI_List.csproj", "{CA063E36-FF6E-475E-BD35-B3FBE4D81C8B}"
EndProject
Project("{FAE04EC0-301F-11D3-BF4B-00C04F79EFBC}") = "Stacks", "Stacks\Stacks.csproj", "{19351C41-2F4A-4723-BE25-7AD5405DB315}"
EndProject
Project("{FAE04EC0-301F-11D3-BF4B-00C04F79EFBC}") = "Maze", "Maze\Maze.csproj", "{7C4BA9CA-656F-4106-B2AC-3DB074A12385}"
EndProject
Project("{FAE04EC0-301F-11D3-BF4B-00C04F79EFBC}") = "Queues", "Queues\Queues.csproj", "{0A578DAE-ACBD-4EB8-9A37-0043189FEE45}"
EndProject
Project("{FAE04EC0-301F-11D3-BF4B-00C04F79EFBC}") = "main", "main\main.csproj", "{A568057B-64DE-4298-B089-F8CF8F74A810}"
EndProject
Global
	GlobalSection(SolutionConfigurationPlatforms) = preSolution
		Debug|Any CPU = Debug|Any CPU
		Release|Any CPU = Release|Any CPU
	EndGlobalSection
	GlobalSection(ProjectConfigurationPlatforms) = postSolution
		{DCD28BAA-6A1C-4F86-968C-6ACB5E6863A6}.Debug|Any CPU.ActiveCfg = Debug|Any CPU
		{DCD28BAA-6A1C-4F86-968C-6ACB5E6863A6}.Debug|Any CPU.Build.0 = Debug|Any CPU
		{DCD28BAA-6A1C-4F86-968C-6ACB5E6863A6}.Release|Any CPU.ActiveCfg = Release|Any CPU
		{DCD28BAA-6A1C-4F86-968C-6ACB5E6863A6}.Release|Any CPU.Build.0 = Release|Any CPU
		{0116E4C4-CDC7-40F8-8024-4BF4FD60946F}.Debug|Any CPU.ActiveCfg = Debug|Any CPU
		{0116E4C4-CDC7-40F8-8024-4BF4FD60946F}.Debug|Any CPU.Build.0 = Debug|Any CPU
		{0116E4C4-CDC7-40F8-8024-4BF4FD60946F}.Release|Any CPU.ActiveCfg = Release|Any CPU
		{0116E4C4-CDC7-40F8-8024-4BF4FD60946F}.Release|Any CPU.Build.0 = Release|Any CPU
		{442E223A-8BF8-4B2E-A4A9-537278D7F167}.Debug|Any CPU.ActiveCfg = Debug|Any CPU
		{442E223A-8BF8-4B2E-A4A9-537278D7F167}.Debug|Any CPU.Build.0 = Debug|Any CPU
		{442E223A-8BF8-4B2E-A4A9-537278D7F167}.Release|Any CPU.ActiveCfg = Release|Any CPU
		{442E223A-8BF8-4B2E-A4A9-537278D7F167}.Release|Any CPU.Build.0 = Release|Any CPU
		{8D000A9D-8890-429E-81FE-697C8FB23A3C}.Debug|Any CPU.ActiveCfg = Debug|Any CPU
		{8D000A9D-8890-429E-81FE-697C8FB23A3C}.Debug|Any CPU.Build.0 = Debug|Any CPU
		{8D000A9D-8890-429E-81FE-697C8FB23A3C}.Release|Any CPU.ActiveCfg = Release|Any CPU
		{8D000A9D-8890-429E-81FE-697C8FB23A3C}.Release|Any CPU.Build.0 = Release|Any CPU
		{D9698E36-E7C1-40C6-8BB3-5BC428C2A1BC}.Debug|Any CPU.ActiveCfg = Debug|Any CPU
		{D9698E36-E7C1-40C6-8BB3-5BC428C2A1BC}.Debug|Any CPU.Build.0 = Debug|Any CPU
		{D9698E36-E7C1-40C6-8BB3-5BC428C2A1BC}.Release|Any CPU.ActiveCfg = Release|Any CPU
		{D9698E36-E7C1-40C6-8BB3-5BC428C2A1BC}.Release|Any CPU.Build.0 = Release|Any CPU
		{CA063E36-FF6E-475E-BD35-B3FBE4D81C8B}.Debug|Any CPU.ActiveCfg = Debug|Any CPU
		{CA063E36-FF6E-475E-BD35-B3FBE4D81C8B}.Debug|Any CPU.Build.0 = Debug|Any CPU
		{CA063E36-FF6E-475E-BD35-B3FBE4D81C8B}.Release|Any CPU.ActiveCfg = Release|Any CPU
		{CA063E36-FF6E-475E-BD35-B3FBE4D81C8B}.Release|Any CPU.Build.0 = Release|Any CPU
		{19351C41-2F4A-4723-BE25-7AD5405DB315}.Debug|Any CPU.ActiveCfg = Debug|Any CPU
		{19351C41-2F4A-4723-BE25-7AD5405DB315}.Debug|Any CPU.Build.0 = Debug|Any CPU
		{19351C41-2F4A-4723-BE25-7AD5405DB315}.Release|Any CPU.ActiveCfg = Release|Any CPU
		{19351C41-2F4A-4723-BE25-7AD5405DB315}.Release|Any CPU.Build.0 = Release|Any CPU
		{7C4BA9CA-656F-4106-B2AC-3DB074A12385}.Debug|Any CPU.ActiveCfg = Debug|Any CPU
		{7C4BA9CA-656F-4106-B2AC-3DB074A12385}.Debug|Any CPU.Build.0 = Debug|Any CPU
		{7C4BA9CA-656F-4106-B2AC-3DB074A12385}.Release|Any CPU.ActiveCfg = Release|Any CPU
		{7C4BA9CA-656F-4106-B2AC-3DB074A12385}.Release|Any CPU.Build.0 = Release|Any CPU
		{0A578DAE-ACBD-4EB8-9A37-0043189FEE45}.Debug|Any CPU.ActiveCfg = Debug|Any CPU
		{0A578DAE-ACBD-4EB8-9A37-0043189FEE45}.Debug|Any CPU.Build.0 = Debug|Any CPU
		{0A578DAE-ACBD-4EB8-9A37-0043189FEE45}.Release|Any CPU.ActiveCfg = Release|Any CPU
		{0A578DAE-ACBD-4EB8-9A37-0043189FEE45}.Release|Any CPU.Build.0 = Release|Any CPU
		{A568057B-64DE-4298-B089-F8CF8F74A810}.Debug|Any CPU.ActiveCfg = Debug|Any CPU
		{A568057B-64DE-4298-B089-F8CF8F74A810}.Debug|Any CPU.Build.0 = Debug|Any CPU
		{A568057B-64DE-4298-B089-F8CF8F74A810}.Release|Any CPU.ActiveCfg = Release|Any CPU
		{A568057B-64DE-4298-B089-F8CF8F74A810}.Release|Any CPU.Build.0 = Release|Any CPU
	EndGlobalSection
	GlobalSection(SolutionProperties) = preSolution
		HideSolutionNode = FALSE
	EndGlobalSection
	GlobalSection(ExtensibilityGlobals) = postSolution
		SolutionGuid = {8275F4F7-86EA-46A7-A1F6-9FFB92F77FD2}
	EndGlobalSection
EndGlobal
